
Microsoft Visual Studio Solution File, Format Version 12.00
# Visual Studio Version 17
VisualStudioVersion = 17.8.34511.84
MinimumVisualStudioVersion = 10.0.40219.1
Project("{FAE04EC0-301F-11D3-BF4B-00C04F79EFBC}") = "bai2", "bai2\bai2.csproj", "{61532F4A-1C0A-4FE9-A4DC-DE8621ABF59D}"
EndProject
Global
	GlobalSection(SolutionConfigurationPlatforms) = preSolution
		Debug|Any CPU = Debug|Any CPU
		Release|Any CPU = Release|Any CPU
	EndGlobalSection
	GlobalSection(ProjectConfigurationPlatforms) = postSolution
		{61532F4A-1C0A-4FE9-A4DC-DE8621ABF59D}.Debug|Any CPU.ActiveCfg = Debug|Any CPU
		{61532F4A-1C0A-4FE9-A4DC-DE8621ABF59D}.Debug|Any CPU.Build.0 = Debug|Any CPU
		{61532F4A-1C0A-4FE9-A4DC-DE8621ABF59D}.Release|Any CPU.ActiveCfg = Release|Any CPU
		{61532F4A-1C0A-4FE9-A4DC-DE8621ABF59D}.Release|Any CPU.Build.0 = Release|Any CPU
	EndGlobalSection
	GlobalSection(SolutionProperties) = preSolution
		HideSolutionNode = FALSE
	EndGlobalSection
	GlobalSection(ExtensibilityGlobals) = postSolution
		SolutionGuid = {E81FA988-2CBE-426E-ADB1-A837A583E7E0}
	EndGlobalSection
EndGlobal
